
Microsoft Visual Studio Solution File, Format Version 12.00
# Visual Studio Version 17
VisualStudioVersion = 17.0.31423.177
MinimumVisualStudioVersion = 10.0.40219.1
Project("{FAE04EC0-301F-11D3-BF4B-00C04F79EFBC}") = "AppNavigation", "AppNavigation\AppNavigation.csproj", "{A5862B3C-F8B0-4D31-81A7-48BD23B833E7}"
EndProject
Global
	GlobalSection(SolutionConfigurationPlatforms) = preSolution
		Debug|Any CPU = Debug|Any CPU
		Release|Any CPU = Release|Any CPU
	EndGlobalSection
	GlobalSection(ProjectConfigurationPlatforms) = postSolution
		{A5862B3C-F8B0-4D31-81A7-48BD23B833E7}.Debug|Any CPU.ActiveCfg = Debug|Any CPU
		{A5862B3C-F8B0-4D31-81A7-48BD23B833E7}.Debug|Any CPU.Build.0 = Debug|Any CPU
		{A5862B3C-F8B0-4D31-81A7-48BD23B833E7}.Release|Any CPU.ActiveCfg = Release|Any CPU
		{A5862B3C-F8B0-4D31-81A7-48BD23B833E7}.Release|Any CPU.Build.0 = Release|Any CPU
	EndGlobalSection
	GlobalSection(SolutionProperties) = preSolution
		HideSolutionNode = FALSE
	EndGlobalSection
	GlobalSection(ExtensibilityGlobals) = postSolution
		SolutionGuid = {CB208487-14F8-4AE0-A457-B4099F017809}
	EndGlobalSection
EndGlobal
