
Microsoft Visual Studio Solution File, Format Version 12.00
# Visual Studio Version 17
VisualStudioVersion = 17.0.31410.414
MinimumVisualStudioVersion = 10.0.40219.1
Project("{9A19103F-16F7-4668-BE54-9A1E7A4F7556}") = "MagicMvvm.Core", "src\MagicMvvm.Core\MagicMvvm.Core.csproj", "{8F472812-A1BD-42BF-8716-A5C737FDDF18}"
EndProject
Project("{9A19103F-16F7-4668-BE54-9A1E7A4F7556}") = "MagicMvvm.Wpf", "src\MagicMvvm.Wpf\MagicMvvm.Wpf.csproj", "{9881CE1C-9A65-4C25-92D5-FA048E59F59B}"
EndProject
Project("{FAE04EC0-301F-11D3-BF4B-00C04F79EFBC}") = "MagicMvvm.Blazor", "src\MagicMvvm.Blazor\MagicMvvm.Blazor.csproj", "{718FF4C8-A3F6-4ED2-AD6F-3A00EF609B05}"
EndProject
Global
	GlobalSection(SolutionConfigurationPlatforms) = preSolution
		Debug|Any CPU = Debug|Any CPU
		Release|Any CPU = Release|Any CPU
	EndGlobalSection
	GlobalSection(ProjectConfigurationPlatforms) = postSolution
		{8F472812-A1BD-42BF-8716-A5C737FDDF18}.Debug|Any CPU.ActiveCfg = Debug|Any CPU
		{8F472812-A1BD-42BF-8716-A5C737FDDF18}.Debug|Any CPU.Build.0 = Debug|Any CPU
		{8F472812-A1BD-42BF-8716-A5C737FDDF18}.Release|Any CPU.ActiveCfg = Release|Any CPU
		{8F472812-A1BD-42BF-8716-A5C737FDDF18}.Release|Any CPU.Build.0 = Release|Any CPU
		{9881CE1C-9A65-4C25-92D5-FA048E59F59B}.Debug|Any CPU.ActiveCfg = Debug|Any CPU
		{9881CE1C-9A65-4C25-92D5-FA048E59F59B}.Debug|Any CPU.Build.0 = Debug|Any CPU
		{9881CE1C-9A65-4C25-92D5-FA048E59F59B}.Release|Any CPU.ActiveCfg = Release|Any CPU
		{9881CE1C-9A65-4C25-92D5-FA048E59F59B}.Release|Any CPU.Build.0 = Release|Any CPU
		{718FF4C8-A3F6-4ED2-AD6F-3A00EF609B05}.Debug|Any CPU.ActiveCfg = Debug|Any CPU
		{718FF4C8-A3F6-4ED2-AD6F-3A00EF609B05}.Debug|Any CPU.Build.0 = Debug|Any CPU
		{718FF4C8-A3F6-4ED2-AD6F-3A00EF609B05}.Release|Any CPU.ActiveCfg = Release|Any CPU
		{718FF4C8-A3F6-4ED2-AD6F-3A00EF609B05}.Release|Any CPU.Build.0 = Release|Any CPU
	EndGlobalSection
	GlobalSection(SolutionProperties) = preSolution
		HideSolutionNode = FALSE
	EndGlobalSection
	GlobalSection(ExtensibilityGlobals) = postSolution
		SolutionGuid = {D3587D4A-CBB9-422A-84C1-C97507AFF199}
	EndGlobalSection
EndGlobal
