
Microsoft Visual Studio Solution File, Format Version 12.00
# Visual Studio Version 17
VisualStudioVersion = 17.0.31410.414
MinimumVisualStudioVersion = 10.0.40219.1
Project("{FAE04EC0-301F-11D3-BF4B-00C04F79EFBC}") = "BasicApp", "BasicApp\BasicApp.csproj", "{34EA3003-7BF0-470D-8655-CF7F10045834}"
EndProject
Global
	GlobalSection(SolutionConfigurationPlatforms) = preSolution
		Debug|Any CPU = Debug|Any CPU
		Release|Any CPU = Release|Any CPU
	EndGlobalSection
	GlobalSection(ProjectConfigurationPlatforms) = postSolution
		{34EA3003-7BF0-470D-8655-CF7F10045834}.Debug|Any CPU.ActiveCfg = Debug|Any CPU
		{34EA3003-7BF0-470D-8655-CF7F10045834}.Debug|Any CPU.Build.0 = Debug|Any CPU
		{34EA3003-7BF0-470D-8655-CF7F10045834}.Release|Any CPU.ActiveCfg = Release|Any CPU
		{34EA3003-7BF0-470D-8655-CF7F10045834}.Release|Any CPU.Build.0 = Release|Any CPU
	EndGlobalSection
	GlobalSection(SolutionProperties) = preSolution
		HideSolutionNode = FALSE
	EndGlobalSection
	GlobalSection(ExtensibilityGlobals) = postSolution
		SolutionGuid = {DDA28007-7815-4AD8-8243-50998778095A}
	EndGlobalSection
EndGlobal
